
Microsoft Visual Studio Solution File, Format Version 12.00
# Visual Studio 15
VisualStudioVersion = 15.0.27004.2002
MinimumVisualStudioVersion = 10.0.40219.1
Project("{FAE04EC0-301F-11D3-BF4B-00C04F79EFBC}") = "OrleansCustomAuthHandlerSample", "OrleansCustomAuthHandlerSample\OrleansCustomAuthHandlerSample.csproj", "{6EF14997-3F2D-4A68-8F39-C73FD92FE794}"
EndProject
Global
	GlobalSection(SolutionConfigurationPlatforms) = preSolution
		Debug|Any CPU = Debug|Any CPU
		Release|Any CPU = Release|Any CPU
	EndGlobalSection
	GlobalSection(ProjectConfigurationPlatforms) = postSolution
		{6EF14997-3F2D-4A68-8F39-C73FD92FE794}.Debug|Any CPU.ActiveCfg = Debug|Any CPU
		{6EF14997-3F2D-4A68-8F39-C73FD92FE794}.Debug|Any CPU.Build.0 = Debug|Any CPU
		{6EF14997-3F2D-4A68-8F39-C73FD92FE794}.Release|Any CPU.ActiveCfg = Release|Any CPU
		{6EF14997-3F2D-4A68-8F39-C73FD92FE794}.Release|Any CPU.Build.0 = Release|Any CPU
	EndGlobalSection
	GlobalSection(SolutionProperties) = preSolution
		HideSolutionNode = FALSE
	EndGlobalSection
	GlobalSection(ExtensibilityGlobals) = postSolution
		SolutionGuid = {C52F847C-4A05-4C4E-AFE2-31272B5C7AF1}
	EndGlobalSection
EndGlobal
